// !$*UTF8*$!
{
	archiveVersion = 1;
	classes = {
	};
	objectVersion = 50;
	objects = {

/* Begin PBXBuildFile section */
		AA32609D2640A1CF00CDFFAC /* AppDelegate.swift in Sources */ = {isa = PBXBuildFile; fileRef = AA32609C2640A1CF00CDFFAC /* AppDelegate.swift */; };
		AA32609F2640A1CF00CDFFAC /* SceneDelegate.swift in Sources */ = {isa = PBXBuildFile; fileRef = AA32609E2640A1CF00CDFFAC /* SceneDelegate.swift */; };
		AA3260A12640A1CF00CDFFAC /* WebviewController.swift in Sources */ = {isa = PBXBuildFile; fileRef = AA3260A02640A1CF00CDFFAC /* WebviewController.swift */; };
		AA3260A42640A1CF00CDFFAC /* Main.storyboard in Resources */ = {isa = PBXBuildFile; fileRef = AA3260A22640A1CF00CDFFAC /* Main.storyboard */; };
		AA3260A62640A1D100CDFFAC /* Assets.xcassets in Resources */ = {isa = PBXBuildFile; fileRef = AA3260A52640A1D100CDFFAC /* Assets.xcassets */; };
		AA3260A92640A1D100CDFFAC /* LaunchScreen.storyboard in Resources */ = {isa = PBXBuildFile; fileRef = AA3260A72640A1D100CDFFAC /* LaunchScreen.storyboard */; };
		AA3260B12642E9A400CDFFAC /* TableTableViewController.swift in Sources */ = {isa = PBXBuildFile; fileRef = AA3260B02642E9A400CDFFAC /* TableTableViewController.swift */; };
/* End PBXBuildFile section */

/* Begin PBXFileReference section */
		AA3260992640A1CF00CDFFAC /* Project 4.app */ = {isa = PBXFileReference; explicitFileType = wrapper.application; includeInIndex = 0; path = "Project 4.app"; sourceTree = BUILT_PRODUCTS_DIR; };
		AA32609C2640A1CF00CDFFAC /* AppDelegate.swift */ = {isa = PBXFileReference; lastKnownFileType = sourcecode.swift; path = AppDelegate.swift; sourceTree = "<group>"; };
		AA32609E2640A1CF00CDFFAC /* SceneDelegate.swift */ = {isa = PBXFileReference; lastKnownFileType = sourcecode.swift; path = SceneDelegate.swift; sourceTree = "<group>"; };
		AA3260A02640A1CF00CDFFAC /* WebviewController.swift */ = {isa = PBXFileReference; lastKnownFileType = sourcecode.swift; path = WebviewController.swift; sourceTree = "<group>"; };
		AA3260A32640A1CF00CDFFAC /* Base */ = {isa = PBXFileReference; lastKnownFileType = file.storyboard; name = Base; path = Base.lproj/Main.storyboard; sourceTree = "<group>"; };
		AA3260A52640A1D100CDFFAC /* Assets.xcassets */ = {isa = PBXFileReference; lastKnownFileType = folder.assetcatalog; path = Assets.xcassets; sourceTree = "<group>"; };
		AA3260A82640A1D100CDFFAC /* Base */ = {isa = PBXFileReference; lastKnownFileType = file.storyboard; name = Base; path = Base.lproj/LaunchScreen.storyboard; sourceTree = "<group>"; };
		AA3260AA2640A1D100CDFFAC /* Info.plist */ = {isa = PBXFileReference; lastKnownFileType = text.plist.xml; path = Info.plist; sourceTree = "<group>"; };
		AA3260B02642E9A400CDFFAC /* TableTableViewController.swift */ = {isa = PBXFileReference; lastKnownFileType = sourcecode.swift; path = TableTableViewController.swift; sourceTree = "<group>"; };
/* End PBXFileReference section */

/* Begin PBXFrameworksBuildPhase section */
		AA3260962640A1CF00CDFFAC /* Frameworks */ = {
			isa = PBXFrameworksBuildPhase;
			buildActionMask = 2147483647;
			files = (
			);
			runOnlyForDeploymentPostprocessing = 0;
		};
/* End PBXFrameworksBuildPhase section */

/* Begin PBXGroup section */
		AA3260902640A1CF00CDFFAC = {
			isa = PBXGroup;
			children = (
				AA32609B2640A1CF00CDFFAC /* Project 4 */,
				AA32609A2640A1CF00CDFFAC /* Products */,
			);
			sourceTree = "<group>";
		};
		AA32609A2640A1CF00CDFFAC /* Products */ = {
			isa = PBXGroup;
			children = (
				AA3260992640A1CF00CDFFAC /* Project 4.app */,
			);
			name = Products;
			sourceTree = "<group>";
		};
		AA32609B2640A1CF00CDFFAC /* Project 4 */ = {
			isa = PBXGroup;
			children = (
				AA32609C2640A1CF00CDFFAC /* AppDelegate.swift */,
				AA32609E2640A1CF00CDFFAC /* SceneDelegate.swift */,
				AA3260B22642E9AC00CDFFAC /* Controllers */,
				AA3260B32642E9B400CDFFAC /* Views */,
				AA3260A52640A1D100CDFFAC /* Assets.xcassets */,
				AA3260A72640A1D100CDFFAC /* LaunchScreen.storyboard */,
				AA3260AA2640A1D100CDFFAC /* Info.plist */,
			);
			path = "Project 4";
			sourceTree = "<group>";
		};
		AA3260B22642E9AC00CDFFAC /* Controllers */ = {
			isa = PBXGroup;
			children = (
				AA3260B02642E9A400CDFFAC /* TableTableViewController.swift */,
				AA3260A02640A1CF00CDFFAC /* WebviewController.swift */,
			);
			path = Controllers;
			sourceTree = "<group>";
		};
		AA3260B32642E9B400CDFFAC /* Views */ = {
			isa = PBXGroup;
			children = (
				AA3260A22640A1CF00CDFFAC /* Main.storyboard */,
			);
			path = Views;
			sourceTree = "<group>";
		};
/* End PBXGroup section */

/* Begin PBXNativeTarget section */
		AA3260982640A1CF00CDFFAC /* Project 4 */ = {
			isa = PBXNativeTarget;
			buildConfigurationList = AA3260AD2640A1D100CDFFAC /* Build configuration list for PBXNativeTarget "Project 4" */;
			buildPhases = (
				AA3260952640A1CF00CDFFAC /* Sources */,
				AA3260962640A1CF00CDFFAC /* Frameworks */,
				AA3260972640A1CF00CDFFAC /* Resources */,
			);
			buildRules = (
			);
			dependencies = (
			);
			name = "Project 4";
			productName = "Project 4";
			productReference = AA3260992640A1CF00CDFFAC /* Project 4.app */;
			productType = "com.apple.product-type.application";
		};
/* End PBXNativeTarget section */

/* Begin PBXProject section */
		AA3260912640A1CF00CDFFAC /* Project object */ = {
			isa = PBXProject;
			attributes = {
				LastSwiftUpdateCheck = 1250;
				LastUpgradeCheck = 1250;
				TargetAttributes = {
					AA3260982640A1CF00CDFFAC = {
						CreatedOnToolsVersion = 12.5;
					};
				};
			};
			buildConfigurationList = AA3260942640A1CF00CDFFAC /* Build configuration list for PBXProject "Project 4" */;
			compatibilityVersion = "Xcode 9.3";
			developmentRegion = en;
			hasScannedForEncodings = 0;
			knownRegions = (
				en,
				Base,
			);
			mainGroup = AA3260902640A1CF00CDFFAC;
			productRefGroup = AA32609A2640A1CF00CDFFAC /* Products */;
			projectDirPath = "";
			projectRoot = "";
			targets = (
				AA3260982640A1CF00CDFFAC /* Project 4 */,
			);
		};
/* End PBXProject section */

/* Begin PBXResourcesBuildPhase section */
		AA3260972640A1CF00CDFFAC /* Resources */ = {
			isa = PBXResourcesBuildPhase;
			buildActionMask = 2147483647;
			files = (
				AA3260A92640A1D100CDFFAC /* LaunchScreen.storyboard in Resources */,
				AA3260A62640A1D100CDFFAC /* Assets.xcassets in Resources */,
				AA3260A42640A1CF00CDFFAC /* Main.storyboard in Resources */,
			);
			runOnlyForDeploymentPostprocessing = 0;
		};
/* End PBXResourcesBuildPhase section */

/* Begin PBXSourcesBuildPhase section */
		AA3260952640A1CF00CDFFAC /* Sources */ = {
			isa = PBXSourcesBuildPhase;
			buildActionMask = 2147483647;
			files = (
				AA3260B12642E9A400CDFFAC /* TableTableViewController.swift in Sources */,
				AA3260A12640A1CF00CDFFAC /* WebviewController.swift in Sources */,
				AA32609D2640A1CF00CDFFAC /* AppDelegate.swift in Sources */,
				AA32609F2640A1CF00CDFFAC /* SceneDelegate.swift in Sources */,
			);
			runOnlyForDeploymentPostprocessing = 0;
		};
/* End PBXSourcesBuildPhase section */

/* Begin PBXVariantGroup section */
		AA3260A22640A1CF00CDFFAC /* Main.storyboard */ = {
			isa = PBXVariantGroup;
			children = (
				AA3260A32640A1CF00CDFFAC /* Base */,
			);
			name = Main.storyboard;
			sourceTree = "<group>";
		};
		AA3260A72640A1D100CDFFAC /* LaunchScreen.storyboard */ = {
			isa = PBXVariantGroup;
			children = (
				AA3260A82640A1D100CDFFAC /* Base */,
			);
			name = LaunchScreen.storyboard;
			sourceTree = "<group>";
		};
/* End PBXVariantGroup section */

/* Begin XCBuildConfiguration section */
		AA3260AB2640A1D100CDFFAC /* Debug */ = {
			isa = XCBuildConfiguration;
			buildSettings = {
				ALWAYS_SEARCH_USER_PATHS = NO;
				CLANG_ANALYZER_NONNULL = YES;
				CLANG_ANALYZER_NUMBER_OBJECT_CONVERSION = YES_AGGRESSIVE;
				CLANG_CXX_LANGUAGE_STANDARD = "gnu++14";
				CLANG_CXX_LIBRARY = "libc++";
				CLANG_ENABLE_MODULES = YES;
				CLANG_ENABLE_OBJC_ARC = YES;
				CLANG_ENABLE_OBJC_WEAK = YES;
				CLANG_WARN_BLOCK_CAPTURE_AUTORELEASING = YES;
				CLANG_WARN_BOOL_CONVERSION = YES;
				CLANG_WARN_COMMA = YES;
				CLANG_WARN_CONSTANT_CONVERSION = YES;
				CLANG_WARN_DEPRECATED_OBJC_IMPLEMENTATIONS = YES;
				CLANG_WARN_DIRECT_OBJC_ISA_USAGE = YES_ERROR;
				CLANG_WARN_DOCUMENTATION_COMMENTS = YES;
				CLANG_WARN_EMPTY_BODY = YES;
				CLANG_WARN_ENUM_CONVERSION = YES;
				CLANG_WARN_INFINITE_RECURSION = YES;
				CLANG_WARN_INT_CONVERSION = YES;
				CLANG_WARN_NON_LITERAL_NULL_CONVERSION = YES;
				CLANG_WARN_OBJC_IMPLICIT_RETAIN_SELF = YES;
				CLANG_WARN_OBJC_LITERAL_CONVERSION = YES;
				CLANG_WARN_OBJC_ROOT_CLASS = YES_ERROR;
				CLANG_WARN_QUOTED_INCLUDE_IN_FRAMEWORK_HEADER = YES;
				CLANG_WARN_RANGE_LOOP_ANALYSIS = YES;
				CLANG_WARN_STRICT_PROTOTYPES = YES;
				CLANG_WARN_SUSPICIOUS_MOVE = YES;
				CLANG_WARN_UNGUARDED_AVAILABILITY = YES_AGGRESSIVE;
				CLANG_WARN_UNREACHABLE_CODE = YES;
				CLANG_WARN__DUPLICATE_METHOD_MATCH = YES;
				COPY_PHASE_STRIP = NO;
				DEBUG_INFORMATION_FORMAT = dwarf;
				ENABLE_STRICT_OBJC_MSGSEND = YES;
				ENABLE_TESTABILITY = YES;
				GCC_C_LANGUAGE_STANDARD = gnu11;
				GCC_DYNAMIC_NO_PIC = NO;
				GCC_NO_COMMON_BLOCKS = YES;
				GCC_OPTIMIZATION_LEVEL = 0;
				GCC_PREPROCESSOR_DEFINITIONS = (
					"DEBUG=1",
					"$(inherited)",
				);
				GCC_WARN_64_TO_32_BIT_CONVERSION = YES;
				GCC_WARN_ABOUT_RETURN_TYPE = YES_ERROR;
				GCC_WARN_UNDECLARED_SELECTOR = YES;
				GCC_WARN_UNINITIALIZED_AUTOS = YES_AGGRESSIVE;
				GCC_WARN_UNUSED_FUNCTION = YES;
				GCC_WARN_UNUSED_VARIABLE = YES;
				IPHONEOS_DEPLOYMENT_TARGET = 14.5;
				MTL_ENABLE_DEBUG_INFO = INCLUDE_SOURCE;
				MTL_FAST_MATH = YES;
				ONLY_ACTIVE_ARCH = YES;
				SDKROOT = iphoneos;
				SWIFT_ACTIVE_COMPILATION_CONDITIONS = DEBUG;
				SWIFT_OPTIMIZATION_LEVEL = "-Onone";
			};
			name = Debug;
		};
		AA3260AC2640A1D100CDFFAC /* Release */ = {
			isa = XCBuildConfiguration;
			buildSettings = {
				ALWAYS_SEARCH_USER_PATHS = NO;
				CLANG_ANALYZER_NONNULL = YES;
				CLANG_ANALYZER_NUMBER_OBJECT_CONVERSION = YES_AGGRESSIVE;
				CLANG_CXX_LANGUAGE_STANDARD = "gnu++14";
				CLANG_CXX_LIBRARY = "libc++";
				CLANG_ENABLE_MODULES = YES;
				CLANG_ENABLE_OBJC_ARC = YES;
				CLANG_ENABLE_OBJC_WEAK = YES;
				CLANG_WARN_BLOCK_CAPTURE_AUTORELEASING = YES;
				CLANG_WARN_BOOL_CONVERSION = YES;
				CLANG_WARN_COMMA = YES;
				CLANG_WARN_CONSTANT_CONVERSION = YES;
				CLANG_WARN_DEPRECATED_OBJC_IMPLEMENTATIONS = YES;
				CLANG_WARN_DIRECT_OBJC_ISA_USAGE = YES_ERROR;
				CLANG_WARN_DOCUMENTATION_COMMENTS = YES;
				CLANG_WARN_EMPTY_BODY = YES;
				CLANG_WARN_ENUM_CONVERSION = YES;
				CLANG_WARN_INFINITE_RECURSION = YES;
				CLANG_WARN_INT_CONVERSION = YES;
				CLANG_WARN_NON_LITERAL_NULL_CONVERSION = YES;
				CLANG_WARN_OBJC_IMPLICIT_RETAIN_SELF = YES;
				CLANG_WARN_OBJC_LITERAL_CONVERSION = YES;
				CLANG_WARN_OBJC_ROOT_CLASS = YES_ERROR;
				CLANG_WARN_QUOTED_INCLUDE_IN_FRAMEWORK_HEADER = YES;
				CLANG_WARN_RANGE_LOOP_ANALYSIS = YES;
				CLANG_WARN_STRICT_PROTOTYPES = YES;
				CLANG_WARN_SUSPICIOUS_MOVE = YES;
				CLANG_WARN_UNGUARDED_AVAILABILITY = YES_AGGRESSIVE;
				CLANG_WARN_UNREACHABLE_CODE = YES;
				CLANG_WARN__DUPLICATE_METHOD_MATCH = YES;
				COPY_PHASE_STRIP = NO;
				DEBUG_INFORMATION_FORMAT = "dwarf-with-dsym";
				ENABLE_NS_ASSERTIONS = NO;
				ENABLE_STRICT_OBJC_MSGSEND = YES;
				GCC_C_LANGUAGE_STANDARD = gnu11;
				GCC_NO_COMMON_BLOCKS = YES;
				GCC_WARN_64_TO_32_BIT_CONVERSION = YES;
				GCC_WARN_ABOUT_RETURN_TYPE = YES_ERROR;
				GCC_WARN_UNDECLARED_SELECTOR = YES;
				GCC_WARN_UNINITIALIZED_AUTOS = YES_AGGRESSIVE;
				GCC_WARN_UNUSED_FUNCTION = YES;
				GCC_WARN_UNUSED_VARIABLE = YES;
				IPHONEOS_DEPLOYMENT_TARGET = 14.5;
				MTL_ENABLE_DEBUG_INFO = NO;
				MTL_FAST_MATH = YES;
				SDKROOT = iphoneos;
				SWIFT_COMPILATION_MODE = wholemodule;
				SWIFT_OPTIMIZATION_LEVEL = "-O";
				VALIDATE_PRODUCT = YES;
			};
			name = Release;
		};
		AA3260AE2640A1D100CDFFAC /* Debug */ = {
			isa = XCBuildConfiguration;
			buildSettings = {
				ASSETCATALOG_COMPILER_APPICON_NAME = AppIcon;
				ASSETCATALOG_COMPILER_GLOBAL_ACCENT_COLOR_NAME = AccentColor;
				CODE_SIGN_STYLE = Automatic;
				DEVELOPMENT_TEAM = YAAW455QSP;
				INFOPLIST_FILE = "Project 4/Info.plist";
				LD_RUNPATH_SEARCH_PATHS = (
					"$(inherited)",
					"@executable_path/Frameworks",
				);
				PRODUCT_BUNDLE_IDENTIFIER = "alvhher.orellana.Project-4";
				PRODUCT_NAME = "$(TARGET_NAME)";
				SWIFT_VERSION = 5.0;
				TARGETED_DEVICE_FAMILY = "1,2";
			};
			name = Debug;
		};
		AA3260AF2640A1D100CDFFAC /* Release */ = {
			isa = XCBuildConfiguration;
			buildSettings = {
				ASSETCATALOG_COMPILER_APPICON_NAME = AppIcon;
				ASSETCATALOG_COMPILER_GLOBAL_ACCENT_COLOR_NAME = AccentColor;
				CODE_SIGN_STYLE = Automatic;
				DEVELOPMENT_TEAM = YAAW455QSP;
				INFOPLIST_FILE = "Project 4/Info.plist";
				LD_RUNPATH_SEARCH_PATHS = (
					"$(inherited)",
					"@executable_path/Frameworks",
				);
				PRODUCT_BUNDLE_IDENTIFIER = "alvhher.orellana.Project-4";
				PRODUCT_NAME = "$(TARGET_NAME)";
				SWIFT_VERSION = 5.0;
				TARGETED_DEVICE_FAMILY = "1,2";
			};
			name = Release;
		};
/* End XCBuildConfiguration section */

/* Begin XCConfigurationList section */
		AA3260942640A1CF00CDFFAC /* Build configuration list for PBXProject "Project 4" */ = {
			isa = XCConfigurationList;
			buildConfigurations = (
				AA3260AB2640A1D100CDFFAC /* Debug */,
				AA3260AC2640A1D100CDFFAC /* Release */,
			);
			defaultConfigurationIsVisible = 0;
			defaultConfigurationName = Release;
		};
		AA3260AD2640A1D100CDFFAC /* Build configuration list for PBXNativeTarget "Project 4" */ = {
			isa = XCConfigurationList;
			buildConfigurations = (
				AA3260AE2640A1D100CDFFAC /* Debug */,
				AA3260AF2640A1D100CDFFAC /* Release */,
			);
			defaultConfigurationIsVisible = 0;
			defaultConfigurationName = Release;
		};
/* End XCConfigurationList section */
	};
	rootObject = AA3260912640A1CF00CDFFAC /* Project object */;
}
