// !$*UTF8*$!
{
	archiveVersion = 1;
	classes = {
	};
	objectVersion = 50;
	objects = {

/* Begin PBXBuildFile section */
		AA65FFE22667177F00820D74 /* AppDelegate.swift in Sources */ = {isa = PBXBuildFile; fileRef = AA65FFE12667177F00820D74 /* AppDelegate.swift */; };
		AA65FFE42667177F00820D74 /* SceneDelegate.swift in Sources */ = {isa = PBXBuildFile; fileRef = AA65FFE32667177F00820D74 /* SceneDelegate.swift */; };
		AA65FFE62667177F00820D74 /* ViewController.swift in Sources */ = {isa = PBXBuildFile; fileRef = AA65FFE52667177F00820D74 /* ViewController.swift */; };
		AA65FFE92667177F00820D74 /* Main.storyboard in Resources */ = {isa = PBXBuildFile; fileRef = AA65FFE72667177F00820D74 /* Main.storyboard */; };
		AA65FFEB2667178200820D74 /* Assets.xcassets in Resources */ = {isa = PBXBuildFile; fileRef = AA65FFEA2667178200820D74 /* Assets.xcassets */; };
		AA65FFEE2667178200820D74 /* LaunchScreen.storyboard in Resources */ = {isa = PBXBuildFile; fileRef = AA65FFEC2667178200820D74 /* LaunchScreen.storyboard */; };
		AA65FFF6266719AD00820D74 /* PersonCell.swift in Sources */ = {isa = PBXBuildFile; fileRef = AA65FFF5266719AD00820D74 /* PersonCell.swift */; };
		AAA1910F266C40910097B1AD /* Person.swift in Sources */ = {isa = PBXBuildFile; fileRef = AAA1910E266C40910097B1AD /* Person.swift */; };
/* End PBXBuildFile section */

/* Begin PBXFileReference section */
		AA65FFDE2667177F00820D74 /* Project 10.app */ = {isa = PBXFileReference; explicitFileType = wrapper.application; includeInIndex = 0; path = "Project 10.app"; sourceTree = BUILT_PRODUCTS_DIR; };
		AA65FFE12667177F00820D74 /* AppDelegate.swift */ = {isa = PBXFileReference; lastKnownFileType = sourcecode.swift; path = AppDelegate.swift; sourceTree = "<group>"; };
		AA65FFE32667177F00820D74 /* SceneDelegate.swift */ = {isa = PBXFileReference; lastKnownFileType = sourcecode.swift; path = SceneDelegate.swift; sourceTree = "<group>"; };
		AA65FFE52667177F00820D74 /* ViewController.swift */ = {isa = PBXFileReference; lastKnownFileType = sourcecode.swift; path = ViewController.swift; sourceTree = "<group>"; };
		AA65FFE82667177F00820D74 /* Base */ = {isa = PBXFileReference; lastKnownFileType = file.storyboard; name = Base; path = Base.lproj/Main.storyboard; sourceTree = "<group>"; };
		AA65FFEA2667178200820D74 /* Assets.xcassets */ = {isa = PBXFileReference; lastKnownFileType = folder.assetcatalog; path = Assets.xcassets; sourceTree = "<group>"; };
		AA65FFED2667178200820D74 /* Base */ = {isa = PBXFileReference; lastKnownFileType = file.storyboard; name = Base; path = Base.lproj/LaunchScreen.storyboard; sourceTree = "<group>"; };
		AA65FFEF2667178200820D74 /* Info.plist */ = {isa = PBXFileReference; lastKnownFileType = text.plist.xml; path = Info.plist; sourceTree = "<group>"; };
		AA65FFF5266719AD00820D74 /* PersonCell.swift */ = {isa = PBXFileReference; lastKnownFileType = sourcecode.swift; path = PersonCell.swift; sourceTree = "<group>"; };
		AAA1910E266C40910097B1AD /* Person.swift */ = {isa = PBXFileReference; lastKnownFileType = sourcecode.swift; path = Person.swift; sourceTree = "<group>"; };
/* End PBXFileReference section */

/* Begin PBXFrameworksBuildPhase section */
		AA65FFDB2667177F00820D74 /* Frameworks */ = {
			isa = PBXFrameworksBuildPhase;
			buildActionMask = 2147483647;
			files = (
			);
			runOnlyForDeploymentPostprocessing = 0;
		};
/* End PBXFrameworksBuildPhase section */

/* Begin PBXGroup section */
		AA65FFD52667177F00820D74 = {
			isa = PBXGroup;
			children = (
				AA65FFE02667177F00820D74 /* Project 10 */,
				AA65FFDF2667177F00820D74 /* Products */,
			);
			sourceTree = "<group>";
		};
		AA65FFDF2667177F00820D74 /* Products */ = {
			isa = PBXGroup;
			children = (
				AA65FFDE2667177F00820D74 /* Project 10.app */,
			);
			name = Products;
			sourceTree = "<group>";
		};
		AA65FFE02667177F00820D74 /* Project 10 */ = {
			isa = PBXGroup;
			children = (
				AA65FFE12667177F00820D74 /* AppDelegate.swift */,
				AA65FFE32667177F00820D74 /* SceneDelegate.swift */,
				AA65FFE52667177F00820D74 /* ViewController.swift */,
				AAA1910E266C40910097B1AD /* Person.swift */,
				AA65FFE72667177F00820D74 /* Main.storyboard */,
				AA65FFF5266719AD00820D74 /* PersonCell.swift */,
				AA65FFEA2667178200820D74 /* Assets.xcassets */,
				AA65FFEC2667178200820D74 /* LaunchScreen.storyboard */,
				AA65FFEF2667178200820D74 /* Info.plist */,
			);
			path = "Project 10";
			sourceTree = "<group>";
		};
/* End PBXGroup section */

/* Begin PBXNativeTarget section */
		AA65FFDD2667177F00820D74 /* Project 10 */ = {
			isa = PBXNativeTarget;
			buildConfigurationList = AA65FFF22667178200820D74 /* Build configuration list for PBXNativeTarget "Project 10" */;
			buildPhases = (
				AA65FFDA2667177F00820D74 /* Sources */,
				AA65FFDB2667177F00820D74 /* Frameworks */,
				AA65FFDC2667177F00820D74 /* Resources */,
			);
			buildRules = (
			);
			dependencies = (
			);
			name = "Project 10";
			productName = "Project 10";
			productReference = AA65FFDE2667177F00820D74 /* Project 10.app */;
			productType = "com.apple.product-type.application";
		};
/* End PBXNativeTarget section */

/* Begin PBXProject section */
		AA65FFD62667177F00820D74 /* Project object */ = {
			isa = PBXProject;
			attributes = {
				LastSwiftUpdateCheck = 1250;
				LastUpgradeCheck = 1250;
				TargetAttributes = {
					AA65FFDD2667177F00820D74 = {
						CreatedOnToolsVersion = 12.5;
					};
				};
			};
			buildConfigurationList = AA65FFD92667177F00820D74 /* Build configuration list for PBXProject "Project 10" */;
			compatibilityVersion = "Xcode 9.3";
			developmentRegion = en;
			hasScannedForEncodings = 0;
			knownRegions = (
				en,
				Base,
			);
			mainGroup = AA65FFD52667177F00820D74;
			productRefGroup = AA65FFDF2667177F00820D74 /* Products */;
			projectDirPath = "";
			projectRoot = "";
			targets = (
				AA65FFDD2667177F00820D74 /* Project 10 */,
			);
		};
/* End PBXProject section */

/* Begin PBXResourcesBuildPhase section */
		AA65FFDC2667177F00820D74 /* Resources */ = {
			isa = PBXResourcesBuildPhase;
			buildActionMask = 2147483647;
			files = (
				AA65FFEE2667178200820D74 /* LaunchScreen.storyboard in Resources */,
				AA65FFEB2667178200820D74 /* Assets.xcassets in Resources */,
				AA65FFE92667177F00820D74 /* Main.storyboard in Resources */,
			);
			runOnlyForDeploymentPostprocessing = 0;
		};
/* End PBXResourcesBuildPhase section */

/* Begin PBXSourcesBuildPhase section */
		AA65FFDA2667177F00820D74 /* Sources */ = {
			isa = PBXSourcesBuildPhase;
			buildActionMask = 2147483647;
			files = (
				AAA1910F266C40910097B1AD /* Person.swift in Sources */,
				AA65FFE62667177F00820D74 /* ViewController.swift in Sources */,
				AA65FFE22667177F00820D74 /* AppDelegate.swift in Sources */,
				AA65FFE42667177F00820D74 /* SceneDelegate.swift in Sources */,
				AA65FFF6266719AD00820D74 /* PersonCell.swift in Sources */,
			);
			runOnlyForDeploymentPostprocessing = 0;
		};
/* End PBXSourcesBuildPhase section */

/* Begin PBXVariantGroup section */
		AA65FFE72667177F00820D74 /* Main.storyboard */ = {
			isa = PBXVariantGroup;
			children = (
				AA65FFE82667177F00820D74 /* Base */,
			);
			name = Main.storyboard;
			sourceTree = "<group>";
		};
		AA65FFEC2667178200820D74 /* LaunchScreen.storyboard */ = {
			isa = PBXVariantGroup;
			children = (
				AA65FFED2667178200820D74 /* Base */,
			);
			name = LaunchScreen.storyboard;
			sourceTree = "<group>";
		};
/* End PBXVariantGroup section */

/* Begin XCBuildConfiguration section */
		AA65FFF02667178200820D74 /* Debug */ = {
			isa = XCBuildConfiguration;
			buildSettings = {
				ALWAYS_SEARCH_USER_PATHS = NO;
				CLANG_ANALYZER_NONNULL = YES;
				CLANG_ANALYZER_NUMBER_OBJECT_CONVERSION = YES_AGGRESSIVE;
				CLANG_CXX_LANGUAGE_STANDARD = "gnu++14";
				CLANG_CXX_LIBRARY = "libc++";
				CLANG_ENABLE_MODULES = YES;
				CLANG_ENABLE_OBJC_ARC = YES;
				CLANG_ENABLE_OBJC_WEAK = YES;
				CLANG_WARN_BLOCK_CAPTURE_AUTORELEASING = YES;
				CLANG_WARN_BOOL_CONVERSION = YES;
				CLANG_WARN_COMMA = YES;
				CLANG_WARN_CONSTANT_CONVERSION = YES;
				CLANG_WARN_DEPRECATED_OBJC_IMPLEMENTATIONS = YES;
				CLANG_WARN_DIRECT_OBJC_ISA_USAGE = YES_ERROR;
				CLANG_WARN_DOCUMENTATION_COMMENTS = YES;
				CLANG_WARN_EMPTY_BODY = YES;
				CLANG_WARN_ENUM_CONVERSION = YES;
				CLANG_WARN_INFINITE_RECURSION = YES;
				CLANG_WARN_INT_CONVERSION = YES;
				CLANG_WARN_NON_LITERAL_NULL_CONVERSION = YES;
				CLANG_WARN_OBJC_IMPLICIT_RETAIN_SELF = YES;
				CLANG_WARN_OBJC_LITERAL_CONVERSION = YES;
				CLANG_WARN_OBJC_ROOT_CLASS = YES_ERROR;
				CLANG_WARN_QUOTED_INCLUDE_IN_FRAMEWORK_HEADER = YES;
				CLANG_WARN_RANGE_LOOP_ANALYSIS = YES;
				CLANG_WARN_STRICT_PROTOTYPES = YES;
				CLANG_WARN_SUSPICIOUS_MOVE = YES;
				CLANG_WARN_UNGUARDED_AVAILABILITY = YES_AGGRESSIVE;
				CLANG_WARN_UNREACHABLE_CODE = YES;
				CLANG_WARN__DUPLICATE_METHOD_MATCH = YES;
				COPY_PHASE_STRIP = NO;
				DEBUG_INFORMATION_FORMAT = dwarf;
				ENABLE_STRICT_OBJC_MSGSEND = YES;
				ENABLE_TESTABILITY = YES;
				GCC_C_LANGUAGE_STANDARD = gnu11;
				GCC_DYNAMIC_NO_PIC = NO;
				GCC_NO_COMMON_BLOCKS = YES;
				GCC_OPTIMIZATION_LEVEL = 0;
				GCC_PREPROCESSOR_DEFINITIONS = (
					"DEBUG=1",
					"$(inherited)",
				);
				GCC_WARN_64_TO_32_BIT_CONVERSION = YES;
				GCC_WARN_ABOUT_RETURN_TYPE = YES_ERROR;
				GCC_WARN_UNDECLARED_SELECTOR = YES;
				GCC_WARN_UNINITIALIZED_AUTOS = YES_AGGRESSIVE;
				GCC_WARN_UNUSED_FUNCTION = YES;
				GCC_WARN_UNUSED_VARIABLE = YES;
				IPHONEOS_DEPLOYMENT_TARGET = 14.5;
				MTL_ENABLE_DEBUG_INFO = INCLUDE_SOURCE;
				MTL_FAST_MATH = YES;
				ONLY_ACTIVE_ARCH = YES;
				SDKROOT = iphoneos;
				SWIFT_ACTIVE_COMPILATION_CONDITIONS = DEBUG;
				SWIFT_OPTIMIZATION_LEVEL = "-Onone";
			};
			name = Debug;
		};
		AA65FFF12667178200820D74 /* Release */ = {
			isa = XCBuildConfiguration;
			buildSettings = {
				ALWAYS_SEARCH_USER_PATHS = NO;
				CLANG_ANALYZER_NONNULL = YES;
				CLANG_ANALYZER_NUMBER_OBJECT_CONVERSION = YES_AGGRESSIVE;
				CLANG_CXX_LANGUAGE_STANDARD = "gnu++14";
				CLANG_CXX_LIBRARY = "libc++";
				CLANG_ENABLE_MODULES = YES;
				CLANG_ENABLE_OBJC_ARC = YES;
				CLANG_ENABLE_OBJC_WEAK = YES;
				CLANG_WARN_BLOCK_CAPTURE_AUTORELEASING = YES;
				CLANG_WARN_BOOL_CONVERSION = YES;
				CLANG_WARN_COMMA = YES;
				CLANG_WARN_CONSTANT_CONVERSION = YES;
				CLANG_WARN_DEPRECATED_OBJC_IMPLEMENTATIONS = YES;
				CLANG_WARN_DIRECT_OBJC_ISA_USAGE = YES_ERROR;
				CLANG_WARN_DOCUMENTATION_COMMENTS = YES;
				CLANG_WARN_EMPTY_BODY = YES;
				CLANG_WARN_ENUM_CONVERSION = YES;
				CLANG_WARN_INFINITE_RECURSION = YES;
				CLANG_WARN_INT_CONVERSION = YES;
				CLANG_WARN_NON_LITERAL_NULL_CONVERSION = YES;
				CLANG_WARN_OBJC_IMPLICIT_RETAIN_SELF = YES;
				CLANG_WARN_OBJC_LITERAL_CONVERSION = YES;
				CLANG_WARN_OBJC_ROOT_CLASS = YES_ERROR;
				CLANG_WARN_QUOTED_INCLUDE_IN_FRAMEWORK_HEADER = YES;
				CLANG_WARN_RANGE_LOOP_ANALYSIS = YES;
				CLANG_WARN_STRICT_PROTOTYPES = YES;
				CLANG_WARN_SUSPICIOUS_MOVE = YES;
				CLANG_WARN_UNGUARDED_AVAILABILITY = YES_AGGRESSIVE;
				CLANG_WARN_UNREACHABLE_CODE = YES;
				CLANG_WARN__DUPLICATE_METHOD_MATCH = YES;
				COPY_PHASE_STRIP = NO;
				DEBUG_INFORMATION_FORMAT = "dwarf-with-dsym";
				ENABLE_NS_ASSERTIONS = NO;
				ENABLE_STRICT_OBJC_MSGSEND = YES;
				GCC_C_LANGUAGE_STANDARD = gnu11;
				GCC_NO_COMMON_BLOCKS = YES;
				GCC_WARN_64_TO_32_BIT_CONVERSION = YES;
				GCC_WARN_ABOUT_RETURN_TYPE = YES_ERROR;
				GCC_WARN_UNDECLARED_SELECTOR = YES;
				GCC_WARN_UNINITIALIZED_AUTOS = YES_AGGRESSIVE;
				GCC_WARN_UNUSED_FUNCTION = YES;
				GCC_WARN_UNUSED_VARIABLE = YES;
				IPHONEOS_DEPLOYMENT_TARGET = 14.5;
				MTL_ENABLE_DEBUG_INFO = NO;
				MTL_FAST_MATH = YES;
				SDKROOT = iphoneos;
				SWIFT_COMPILATION_MODE = wholemodule;
				SWIFT_OPTIMIZATION_LEVEL = "-O";
				VALIDATE_PRODUCT = YES;
			};
			name = Release;
		};
		AA65FFF32667178200820D74 /* Debug */ = {
			isa = XCBuildConfiguration;
			buildSettings = {
				ASSETCATALOG_COMPILER_APPICON_NAME = AppIcon;
				ASSETCATALOG_COMPILER_GLOBAL_ACCENT_COLOR_NAME = AccentColor;
				CODE_SIGN_STYLE = Automatic;
				DEVELOPMENT_TEAM = YAAW455QSP;
				INFOPLIST_FILE = "Project 10/Info.plist";
				LD_RUNPATH_SEARCH_PATHS = (
					"$(inherited)",
					"@executable_path/Frameworks",
				);
				PRODUCT_BUNDLE_IDENTIFIER = "alvhher.orellana.Project-10";
				PRODUCT_NAME = "$(TARGET_NAME)";
				SWIFT_VERSION = 5.0;
				TARGETED_DEVICE_FAMILY = "1,2";
			};
			name = Debug;
		};
		AA65FFF42667178200820D74 /* Release */ = {
			isa = XCBuildConfiguration;
			buildSettings = {
				ASSETCATALOG_COMPILER_APPICON_NAME = AppIcon;
				ASSETCATALOG_COMPILER_GLOBAL_ACCENT_COLOR_NAME = AccentColor;
				CODE_SIGN_STYLE = Automatic;
				DEVELOPMENT_TEAM = YAAW455QSP;
				INFOPLIST_FILE = "Project 10/Info.plist";
				LD_RUNPATH_SEARCH_PATHS = (
					"$(inherited)",
					"@executable_path/Frameworks",
				);
				PRODUCT_BUNDLE_IDENTIFIER = "alvhher.orellana.Project-10";
				PRODUCT_NAME = "$(TARGET_NAME)";
				SWIFT_VERSION = 5.0;
				TARGETED_DEVICE_FAMILY = "1,2";
			};
			name = Release;
		};
/* End XCBuildConfiguration section */

/* Begin XCConfigurationList section */
		AA65FFD92667177F00820D74 /* Build configuration list for PBXProject "Project 10" */ = {
			isa = XCConfigurationList;
			buildConfigurations = (
				AA65FFF02667178200820D74 /* Debug */,
				AA65FFF12667178200820D74 /* Release */,
			);
			defaultConfigurationIsVisible = 0;
			defaultConfigurationName = Release;
		};
		AA65FFF22667178200820D74 /* Build configuration list for PBXNativeTarget "Project 10" */ = {
			isa = XCConfigurationList;
			buildConfigurations = (
				AA65FFF32667178200820D74 /* Debug */,
				AA65FFF42667178200820D74 /* Release */,
			);
			defaultConfigurationIsVisible = 0;
			defaultConfigurationName = Release;
		};
/* End XCConfigurationList section */
	};
	rootObject = AA65FFD62667177F00820D74 /* Project object */;
}
