// !$*UTF8*$!
{
	archiveVersion = 1;
	classes = {
	};
	objectVersion = 50;
	objects = {

/* Begin PBXBuildFile section */
		AAF1C58726E30761008F7F9D /* AppDelegate.swift in Sources */ = {isa = PBXBuildFile; fileRef = AAF1C58626E30761008F7F9D /* AppDelegate.swift */; };
		AAF1C58926E30761008F7F9D /* SceneDelegate.swift in Sources */ = {isa = PBXBuildFile; fileRef = AAF1C58826E30761008F7F9D /* SceneDelegate.swift */; };
		AAF1C58B26E30761008F7F9D /* ViewController.swift in Sources */ = {isa = PBXBuildFile; fileRef = AAF1C58A26E30761008F7F9D /* ViewController.swift */; };
		AAF1C58E26E30761008F7F9D /* Main.storyboard in Resources */ = {isa = PBXBuildFile; fileRef = AAF1C58C26E30761008F7F9D /* Main.storyboard */; };
		AAF1C59026E30763008F7F9D /* Assets.xcassets in Resources */ = {isa = PBXBuildFile; fileRef = AAF1C58F26E30763008F7F9D /* Assets.xcassets */; };
		AAF1C59326E30763008F7F9D /* LaunchScreen.storyboard in Resources */ = {isa = PBXBuildFile; fileRef = AAF1C59126E30763008F7F9D /* LaunchScreen.storyboard */; };
		AAF1C59B26E30AAA008F7F9D /* DetailViewController.swift in Sources */ = {isa = PBXBuildFile; fileRef = AAF1C59A26E30AAA008F7F9D /* DetailViewController.swift */; };
		AAF1C59D26E30C09008F7F9D /* TestViewController.swift in Sources */ = {isa = PBXBuildFile; fileRef = AAF1C59C26E30C09008F7F9D /* TestViewController.swift */; };
/* End PBXBuildFile section */

/* Begin PBXFileReference section */
		AAF1C58326E30761008F7F9D /* Fourth Challenge.app */ = {isa = PBXFileReference; explicitFileType = wrapper.application; includeInIndex = 0; path = "Fourth Challenge.app"; sourceTree = BUILT_PRODUCTS_DIR; };
		AAF1C58626E30761008F7F9D /* AppDelegate.swift */ = {isa = PBXFileReference; lastKnownFileType = sourcecode.swift; path = AppDelegate.swift; sourceTree = "<group>"; };
		AAF1C58826E30761008F7F9D /* SceneDelegate.swift */ = {isa = PBXFileReference; lastKnownFileType = sourcecode.swift; path = SceneDelegate.swift; sourceTree = "<group>"; };
		AAF1C58A26E30761008F7F9D /* ViewController.swift */ = {isa = PBXFileReference; lastKnownFileType = sourcecode.swift; path = ViewController.swift; sourceTree = "<group>"; };
		AAF1C58D26E30761008F7F9D /* Base */ = {isa = PBXFileReference; lastKnownFileType = file.storyboard; name = Base; path = Base.lproj/Main.storyboard; sourceTree = "<group>"; };
		AAF1C58F26E30763008F7F9D /* Assets.xcassets */ = {isa = PBXFileReference; lastKnownFileType = folder.assetcatalog; path = Assets.xcassets; sourceTree = "<group>"; };
		AAF1C59226E30763008F7F9D /* Base */ = {isa = PBXFileReference; lastKnownFileType = file.storyboard; name = Base; path = Base.lproj/LaunchScreen.storyboard; sourceTree = "<group>"; };
		AAF1C59426E30763008F7F9D /* Info.plist */ = {isa = PBXFileReference; lastKnownFileType = text.plist.xml; path = Info.plist; sourceTree = "<group>"; };
		AAF1C59A26E30AAA008F7F9D /* DetailViewController.swift */ = {isa = PBXFileReference; lastKnownFileType = sourcecode.swift; path = DetailViewController.swift; sourceTree = "<group>"; };
		AAF1C59C26E30C09008F7F9D /* TestViewController.swift */ = {isa = PBXFileReference; lastKnownFileType = sourcecode.swift; path = TestViewController.swift; sourceTree = "<group>"; };
/* End PBXFileReference section */

/* Begin PBXFrameworksBuildPhase section */
		AAF1C58026E30761008F7F9D /* Frameworks */ = {
			isa = PBXFrameworksBuildPhase;
			buildActionMask = 2147483647;
			files = (
			);
			runOnlyForDeploymentPostprocessing = 0;
		};
/* End PBXFrameworksBuildPhase section */

/* Begin PBXGroup section */
		AAF1C57A26E30761008F7F9D = {
			isa = PBXGroup;
			children = (
				AAF1C58526E30761008F7F9D /* Fourth Challenge */,
				AAF1C58426E30761008F7F9D /* Products */,
			);
			sourceTree = "<group>";
		};
		AAF1C58426E30761008F7F9D /* Products */ = {
			isa = PBXGroup;
			children = (
				AAF1C58326E30761008F7F9D /* Fourth Challenge.app */,
			);
			name = Products;
			sourceTree = "<group>";
		};
		AAF1C58526E30761008F7F9D /* Fourth Challenge */ = {
			isa = PBXGroup;
			children = (
				AAF1C58626E30761008F7F9D /* AppDelegate.swift */,
				AAF1C58826E30761008F7F9D /* SceneDelegate.swift */,
				AAF1C58A26E30761008F7F9D /* ViewController.swift */,
				AAF1C59C26E30C09008F7F9D /* TestViewController.swift */,
				AAF1C58C26E30761008F7F9D /* Main.storyboard */,
				AAF1C59A26E30AAA008F7F9D /* DetailViewController.swift */,
				AAF1C58F26E30763008F7F9D /* Assets.xcassets */,
				AAF1C59126E30763008F7F9D /* LaunchScreen.storyboard */,
				AAF1C59426E30763008F7F9D /* Info.plist */,
			);
			path = "Fourth Challenge";
			sourceTree = "<group>";
		};
/* End PBXGroup section */

/* Begin PBXNativeTarget section */
		AAF1C58226E30761008F7F9D /* Fourth Challenge */ = {
			isa = PBXNativeTarget;
			buildConfigurationList = AAF1C59726E30763008F7F9D /* Build configuration list for PBXNativeTarget "Fourth Challenge" */;
			buildPhases = (
				AAF1C57F26E30761008F7F9D /* Sources */,
				AAF1C58026E30761008F7F9D /* Frameworks */,
				AAF1C58126E30761008F7F9D /* Resources */,
			);
			buildRules = (
			);
			dependencies = (
			);
			name = "Fourth Challenge";
			productName = "Fourth Challenge";
			productReference = AAF1C58326E30761008F7F9D /* Fourth Challenge.app */;
			productType = "com.apple.product-type.application";
		};
/* End PBXNativeTarget section */

/* Begin PBXProject section */
		AAF1C57B26E30761008F7F9D /* Project object */ = {
			isa = PBXProject;
			attributes = {
				LastSwiftUpdateCheck = 1250;
				LastUpgradeCheck = 1250;
				TargetAttributes = {
					AAF1C58226E30761008F7F9D = {
						CreatedOnToolsVersion = 12.5.1;
					};
				};
			};
			buildConfigurationList = AAF1C57E26E30761008F7F9D /* Build configuration list for PBXProject "Fourth Challenge" */;
			compatibilityVersion = "Xcode 9.3";
			developmentRegion = en;
			hasScannedForEncodings = 0;
			knownRegions = (
				en,
				Base,
			);
			mainGroup = AAF1C57A26E30761008F7F9D;
			productRefGroup = AAF1C58426E30761008F7F9D /* Products */;
			projectDirPath = "";
			projectRoot = "";
			targets = (
				AAF1C58226E30761008F7F9D /* Fourth Challenge */,
			);
		};
/* End PBXProject section */

/* Begin PBXResourcesBuildPhase section */
		AAF1C58126E30761008F7F9D /* Resources */ = {
			isa = PBXResourcesBuildPhase;
			buildActionMask = 2147483647;
			files = (
				AAF1C59326E30763008F7F9D /* LaunchScreen.storyboard in Resources */,
				AAF1C59026E30763008F7F9D /* Assets.xcassets in Resources */,
				AAF1C58E26E30761008F7F9D /* Main.storyboard in Resources */,
			);
			runOnlyForDeploymentPostprocessing = 0;
		};
/* End PBXResourcesBuildPhase section */

/* Begin PBXSourcesBuildPhase section */
		AAF1C57F26E30761008F7F9D /* Sources */ = {
			isa = PBXSourcesBuildPhase;
			buildActionMask = 2147483647;
			files = (
				AAF1C59D26E30C09008F7F9D /* TestViewController.swift in Sources */,
				AAF1C58B26E30761008F7F9D /* ViewController.swift in Sources */,
				AAF1C58726E30761008F7F9D /* AppDelegate.swift in Sources */,
				AAF1C58926E30761008F7F9D /* SceneDelegate.swift in Sources */,
				AAF1C59B26E30AAA008F7F9D /* DetailViewController.swift in Sources */,
			);
			runOnlyForDeploymentPostprocessing = 0;
		};
/* End PBXSourcesBuildPhase section */

/* Begin PBXVariantGroup section */
		AAF1C58C26E30761008F7F9D /* Main.storyboard */ = {
			isa = PBXVariantGroup;
			children = (
				AAF1C58D26E30761008F7F9D /* Base */,
			);
			name = Main.storyboard;
			sourceTree = "<group>";
		};
		AAF1C59126E30763008F7F9D /* LaunchScreen.storyboard */ = {
			isa = PBXVariantGroup;
			children = (
				AAF1C59226E30763008F7F9D /* Base */,
			);
			name = LaunchScreen.storyboard;
			sourceTree = "<group>";
		};
/* End PBXVariantGroup section */

/* Begin XCBuildConfiguration section */
		AAF1C59526E30763008F7F9D /* Debug */ = {
			isa = XCBuildConfiguration;
			buildSettings = {
				ALWAYS_SEARCH_USER_PATHS = NO;
				CLANG_ANALYZER_NONNULL = YES;
				CLANG_ANALYZER_NUMBER_OBJECT_CONVERSION = YES_AGGRESSIVE;
				CLANG_CXX_LANGUAGE_STANDARD = "gnu++14";
				CLANG_CXX_LIBRARY = "libc++";
				CLANG_ENABLE_MODULES = YES;
				CLANG_ENABLE_OBJC_ARC = YES;
				CLANG_ENABLE_OBJC_WEAK = YES;
				CLANG_WARN_BLOCK_CAPTURE_AUTORELEASING = YES;
				CLANG_WARN_BOOL_CONVERSION = YES;
				CLANG_WARN_COMMA = YES;
				CLANG_WARN_CONSTANT_CONVERSION = YES;
				CLANG_WARN_DEPRECATED_OBJC_IMPLEMENTATIONS = YES;
				CLANG_WARN_DIRECT_OBJC_ISA_USAGE = YES_ERROR;
				CLANG_WARN_DOCUMENTATION_COMMENTS = YES;
				CLANG_WARN_EMPTY_BODY = YES;
				CLANG_WARN_ENUM_CONVERSION = YES;
				CLANG_WARN_INFINITE_RECURSION = YES;
				CLANG_WARN_INT_CONVERSION = YES;
				CLANG_WARN_NON_LITERAL_NULL_CONVERSION = YES;
				CLANG_WARN_OBJC_IMPLICIT_RETAIN_SELF = YES;
				CLANG_WARN_OBJC_LITERAL_CONVERSION = YES;
				CLANG_WARN_OBJC_ROOT_CLASS = YES_ERROR;
				CLANG_WARN_QUOTED_INCLUDE_IN_FRAMEWORK_HEADER = YES;
				CLANG_WARN_RANGE_LOOP_ANALYSIS = YES;
				CLANG_WARN_STRICT_PROTOTYPES = YES;
				CLANG_WARN_SUSPICIOUS_MOVE = YES;
				CLANG_WARN_UNGUARDED_AVAILABILITY = YES_AGGRESSIVE;
				CLANG_WARN_UNREACHABLE_CODE = YES;
				CLANG_WARN__DUPLICATE_METHOD_MATCH = YES;
				COPY_PHASE_STRIP = NO;
				DEBUG_INFORMATION_FORMAT = dwarf;
				ENABLE_STRICT_OBJC_MSGSEND = YES;
				ENABLE_TESTABILITY = YES;
				GCC_C_LANGUAGE_STANDARD = gnu11;
				GCC_DYNAMIC_NO_PIC = NO;
				GCC_NO_COMMON_BLOCKS = YES;
				GCC_OPTIMIZATION_LEVEL = 0;
				GCC_PREPROCESSOR_DEFINITIONS = (
					"DEBUG=1",
					"$(inherited)",
				);
				GCC_WARN_64_TO_32_BIT_CONVERSION = YES;
				GCC_WARN_ABOUT_RETURN_TYPE = YES_ERROR;
				GCC_WARN_UNDECLARED_SELECTOR = YES;
				GCC_WARN_UNINITIALIZED_AUTOS = YES_AGGRESSIVE;
				GCC_WARN_UNUSED_FUNCTION = YES;
				GCC_WARN_UNUSED_VARIABLE = YES;
				IPHONEOS_DEPLOYMENT_TARGET = 14.5;
				MTL_ENABLE_DEBUG_INFO = INCLUDE_SOURCE;
				MTL_FAST_MATH = YES;
				ONLY_ACTIVE_ARCH = YES;
				SDKROOT = iphoneos;
				SWIFT_ACTIVE_COMPILATION_CONDITIONS = DEBUG;
				SWIFT_OPTIMIZATION_LEVEL = "-Onone";
			};
			name = Debug;
		};
		AAF1C59626E30763008F7F9D /* Release */ = {
			isa = XCBuildConfiguration;
			buildSettings = {
				ALWAYS_SEARCH_USER_PATHS = NO;
				CLANG_ANALYZER_NONNULL = YES;
				CLANG_ANALYZER_NUMBER_OBJECT_CONVERSION = YES_AGGRESSIVE;
				CLANG_CXX_LANGUAGE_STANDARD = "gnu++14";
				CLANG_CXX_LIBRARY = "libc++";
				CLANG_ENABLE_MODULES = YES;
				CLANG_ENABLE_OBJC_ARC = YES;
				CLANG_ENABLE_OBJC_WEAK = YES;
				CLANG_WARN_BLOCK_CAPTURE_AUTORELEASING = YES;
				CLANG_WARN_BOOL_CONVERSION = YES;
				CLANG_WARN_COMMA = YES;
				CLANG_WARN_CONSTANT_CONVERSION = YES;
				CLANG_WARN_DEPRECATED_OBJC_IMPLEMENTATIONS = YES;
				CLANG_WARN_DIRECT_OBJC_ISA_USAGE = YES_ERROR;
				CLANG_WARN_DOCUMENTATION_COMMENTS = YES;
				CLANG_WARN_EMPTY_BODY = YES;
				CLANG_WARN_ENUM_CONVERSION = YES;
				CLANG_WARN_INFINITE_RECURSION = YES;
				CLANG_WARN_INT_CONVERSION = YES;
				CLANG_WARN_NON_LITERAL_NULL_CONVERSION = YES;
				CLANG_WARN_OBJC_IMPLICIT_RETAIN_SELF = YES;
				CLANG_WARN_OBJC_LITERAL_CONVERSION = YES;
				CLANG_WARN_OBJC_ROOT_CLASS = YES_ERROR;
				CLANG_WARN_QUOTED_INCLUDE_IN_FRAMEWORK_HEADER = YES;
				CLANG_WARN_RANGE_LOOP_ANALYSIS = YES;
				CLANG_WARN_STRICT_PROTOTYPES = YES;
				CLANG_WARN_SUSPICIOUS_MOVE = YES;
				CLANG_WARN_UNGUARDED_AVAILABILITY = YES_AGGRESSIVE;
				CLANG_WARN_UNREACHABLE_CODE = YES;
				CLANG_WARN__DUPLICATE_METHOD_MATCH = YES;
				COPY_PHASE_STRIP = NO;
				DEBUG_INFORMATION_FORMAT = "dwarf-with-dsym";
				ENABLE_NS_ASSERTIONS = NO;
				ENABLE_STRICT_OBJC_MSGSEND = YES;
				GCC_C_LANGUAGE_STANDARD = gnu11;
				GCC_NO_COMMON_BLOCKS = YES;
				GCC_WARN_64_TO_32_BIT_CONVERSION = YES;
				GCC_WARN_ABOUT_RETURN_TYPE = YES_ERROR;
				GCC_WARN_UNDECLARED_SELECTOR = YES;
				GCC_WARN_UNINITIALIZED_AUTOS = YES_AGGRESSIVE;
				GCC_WARN_UNUSED_FUNCTION = YES;
				GCC_WARN_UNUSED_VARIABLE = YES;
				IPHONEOS_DEPLOYMENT_TARGET = 14.5;
				MTL_ENABLE_DEBUG_INFO = NO;
				MTL_FAST_MATH = YES;
				SDKROOT = iphoneos;
				SWIFT_COMPILATION_MODE = wholemodule;
				SWIFT_OPTIMIZATION_LEVEL = "-O";
				VALIDATE_PRODUCT = YES;
			};
			name = Release;
		};
		AAF1C59826E30763008F7F9D /* Debug */ = {
			isa = XCBuildConfiguration;
			buildSettings = {
				ASSETCATALOG_COMPILER_APPICON_NAME = AppIcon;
				ASSETCATALOG_COMPILER_GLOBAL_ACCENT_COLOR_NAME = AccentColor;
				CODE_SIGN_STYLE = Automatic;
				DEVELOPMENT_TEAM = YAAW455QSP;
				INFOPLIST_FILE = "Fourth Challenge/Info.plist";
				LD_RUNPATH_SEARCH_PATHS = (
					"$(inherited)",
					"@executable_path/Frameworks",
				);
				PRODUCT_BUNDLE_IDENTIFIER = "alvhher.orellana.Fourth-Challenge";
				PRODUCT_NAME = "$(TARGET_NAME)";
				SWIFT_VERSION = 5.0;
				TARGETED_DEVICE_FAMILY = "1,2";
			};
			name = Debug;
		};
		AAF1C59926E30763008F7F9D /* Release */ = {
			isa = XCBuildConfiguration;
			buildSettings = {
				ASSETCATALOG_COMPILER_APPICON_NAME = AppIcon;
				ASSETCATALOG_COMPILER_GLOBAL_ACCENT_COLOR_NAME = AccentColor;
				CODE_SIGN_STYLE = Automatic;
				DEVELOPMENT_TEAM = YAAW455QSP;
				INFOPLIST_FILE = "Fourth Challenge/Info.plist";
				LD_RUNPATH_SEARCH_PATHS = (
					"$(inherited)",
					"@executable_path/Frameworks",
				);
				PRODUCT_BUNDLE_IDENTIFIER = "alvhher.orellana.Fourth-Challenge";
				PRODUCT_NAME = "$(TARGET_NAME)";
				SWIFT_VERSION = 5.0;
				TARGETED_DEVICE_FAMILY = "1,2";
			};
			name = Release;
		};
/* End XCBuildConfiguration section */

/* Begin XCConfigurationList section */
		AAF1C57E26E30761008F7F9D /* Build configuration list for PBXProject "Fourth Challenge" */ = {
			isa = XCConfigurationList;
			buildConfigurations = (
				AAF1C59526E30763008F7F9D /* Debug */,
				AAF1C59626E30763008F7F9D /* Release */,
			);
			defaultConfigurationIsVisible = 0;
			defaultConfigurationName = Release;
		};
		AAF1C59726E30763008F7F9D /* Build configuration list for PBXNativeTarget "Fourth Challenge" */ = {
			isa = XCConfigurationList;
			buildConfigurations = (
				AAF1C59826E30763008F7F9D /* Debug */,
				AAF1C59926E30763008F7F9D /* Release */,
			);
			defaultConfigurationIsVisible = 0;
			defaultConfigurationName = Release;
		};
/* End XCConfigurationList section */
	};
	rootObject = AAF1C57B26E30761008F7F9D /* Project object */;
}
